
Microsoft Visual Studio Solution File, Format Version 12.00
# Visual Studio 15
VisualStudioVersion = 15.0.26124.0
MinimumVisualStudioVersion = 15.0.26124.0
Project("{2150E333-8FDC-42A3-9474-1A3956D46DE8}") = "src", "src", "{0F42DE68-44BD-4B74-A5CC-6B4200B8095C}"
EndProject
Project("{FAE04EC0-301F-11D3-BF4B-00C04F79EFBC}") = "LibretaCalificaciones", "src\LibretaCalificaciones\LibretaCalificaciones.csproj", "{ACC71B45-BFB5-452B-A1E6-F872DD9DE03E}"
EndProject
Project("{FAE04EC0-301F-11D3-BF4B-00C04F79EFBC}") = "test", "test\test.csproj", "{C0795A2B-57AC-476C-8EDD-B85435DC3CF2}"
EndProject
Global
	GlobalSection(SolutionConfigurationPlatforms) = preSolution
		Debug|Any CPU = Debug|Any CPU
		Debug|x64 = Debug|x64
		Debug|x86 = Debug|x86
		Release|Any CPU = Release|Any CPU
		Release|x64 = Release|x64
		Release|x86 = Release|x86
	EndGlobalSection
	GlobalSection(SolutionProperties) = preSolution
		HideSolutionNode = FALSE
	EndGlobalSection
	GlobalSection(ProjectConfigurationPlatforms) = postSolution
		{ACC71B45-BFB5-452B-A1E6-F872DD9DE03E}.Debug|Any CPU.ActiveCfg = Debug|Any CPU
		{ACC71B45-BFB5-452B-A1E6-F872DD9DE03E}.Debug|Any CPU.Build.0 = Debug|Any CPU
		{ACC71B45-BFB5-452B-A1E6-F872DD9DE03E}.Debug|x64.ActiveCfg = Debug|Any CPU
		{ACC71B45-BFB5-452B-A1E6-F872DD9DE03E}.Debug|x64.Build.0 = Debug|Any CPU
		{ACC71B45-BFB5-452B-A1E6-F872DD9DE03E}.Debug|x86.ActiveCfg = Debug|Any CPU
		{ACC71B45-BFB5-452B-A1E6-F872DD9DE03E}.Debug|x86.Build.0 = Debug|Any CPU
		{ACC71B45-BFB5-452B-A1E6-F872DD9DE03E}.Release|Any CPU.ActiveCfg = Release|Any CPU
		{ACC71B45-BFB5-452B-A1E6-F872DD9DE03E}.Release|Any CPU.Build.0 = Release|Any CPU
		{ACC71B45-BFB5-452B-A1E6-F872DD9DE03E}.Release|x64.ActiveCfg = Release|Any CPU
		{ACC71B45-BFB5-452B-A1E6-F872DD9DE03E}.Release|x64.Build.0 = Release|Any CPU
		{ACC71B45-BFB5-452B-A1E6-F872DD9DE03E}.Release|x86.ActiveCfg = Release|Any CPU
		{ACC71B45-BFB5-452B-A1E6-F872DD9DE03E}.Release|x86.Build.0 = Release|Any CPU
		{C0795A2B-57AC-476C-8EDD-B85435DC3CF2}.Debug|Any CPU.ActiveCfg = Debug|Any CPU
		{C0795A2B-57AC-476C-8EDD-B85435DC3CF2}.Debug|Any CPU.Build.0 = Debug|Any CPU
		{C0795A2B-57AC-476C-8EDD-B85435DC3CF2}.Debug|x64.ActiveCfg = Debug|Any CPU
		{C0795A2B-57AC-476C-8EDD-B85435DC3CF2}.Debug|x64.Build.0 = Debug|Any CPU
		{C0795A2B-57AC-476C-8EDD-B85435DC3CF2}.Debug|x86.ActiveCfg = Debug|Any CPU
		{C0795A2B-57AC-476C-8EDD-B85435DC3CF2}.Debug|x86.Build.0 = Debug|Any CPU
		{C0795A2B-57AC-476C-8EDD-B85435DC3CF2}.Release|Any CPU.ActiveCfg = Release|Any CPU
		{C0795A2B-57AC-476C-8EDD-B85435DC3CF2}.Release|Any CPU.Build.0 = Release|Any CPU
		{C0795A2B-57AC-476C-8EDD-B85435DC3CF2}.Release|x64.ActiveCfg = Release|Any CPU
		{C0795A2B-57AC-476C-8EDD-B85435DC3CF2}.Release|x64.Build.0 = Release|Any CPU
		{C0795A2B-57AC-476C-8EDD-B85435DC3CF2}.Release|x86.ActiveCfg = Release|Any CPU
		{C0795A2B-57AC-476C-8EDD-B85435DC3CF2}.Release|x86.Build.0 = Release|Any CPU
	EndGlobalSection
	GlobalSection(NestedProjects) = preSolution
		{ACC71B45-BFB5-452B-A1E6-F872DD9DE03E} = {0F42DE68-44BD-4B74-A5CC-6B4200B8095C}
	EndGlobalSection
EndGlobal
